
Microsoft Visual Studio Solution File, Format Version 12.00
# Visual Studio 15
VisualStudioVersion = 15.0.27130.2026
MinimumVisualStudioVersion = 10.0.40219.1
Project("{9A19103F-16F7-4668-BE54-9A1E7A4F7556}") = "Draughts.Service.Tests", "Draughts.Service.Tests\Draughts.Service.Tests.csproj", "{72538143-337F-4428-9E91-E7008AA13FC4}"
EndProject
Project("{9A19103F-16F7-4668-BE54-9A1E7A4F7556}") = "Draughts.Ai.Trainer", "Draughts.Ai.Trainer\Draughts.Ai.Trainer.csproj", "{71036D3A-C4F4-4F9A-A353-60F9AE74BB5E}"
EndProject
Project("{2150E333-8FDC-42A3-9474-1A3956D46DE8}") = "Solution Items", "Solution Items", "{EC0B3B93-3984-42EB-A65A-FF35AB5632B7}"
	ProjectSection(SolutionItems) = preProject
		build.cake = build.cake
		build.ps1 = build.ps1
		licence.txt = licence.txt
		readme.md = readme.md
	EndProjectSection
EndProject
Project("{9A19103F-16F7-4668-BE54-9A1E7A4F7556}") = "NameUtility", "NameUtility\NameUtility.csproj", "{A4CE3FFC-96A6-498C-B45A-4FD43B9572C2}"
EndProject
Project("{FAE04EC0-301F-11D3-BF4B-00C04F79EFBC}") = "Draughts.UI.Wpf", "Draughts.UI.Wpf\Draughts.UI.Wpf.csproj", "{342EE64B-01B9-4D5D-8492-CC7BAB8398F9}"
EndProject
Project("{9A19103F-16F7-4668-BE54-9A1E7A4F7556}") = "Draughts.Service", "Draughts.Service\Draughts.Service.csproj", "{7D75F891-E4A0-4F88-B7D3-F4B0E4EA1763}"
EndProject
Project("{9A19103F-16F7-4668-BE54-9A1E7A4F7556}") = "Draughts.UI.Console", "Draughts.UI.Console\Draughts.UI.Console.csproj", "{6FD5D08F-B90B-4108-8C81-22D7369A91B4}"
EndProject
Project("{9A19103F-16F7-4668-BE54-9A1E7A4F7556}") = "NameUtility.Display", "NameUtility.Display\NameUtility.Display.csproj", "{0B2000BB-0D3C-4E92-B4A1-DA0CE06EC72B}"
EndProject
Project("{9A19103F-16F7-4668-BE54-9A1E7A4F7556}") = "Draughts.Ai.Trainer.CLI", "Draughts.Ai.Trainer.CLI\Draughts.Ai.Trainer.CLI.csproj", "{1EF2A88C-A930-4F18-883B-14DE50C32C89}"
EndProject
Project("{FAE04EC0-301F-11D3-BF4B-00C04F79EFBC}") = "Draughts.UI.Wpf.Tests", "Draughts.UI.Wpf.Tests\Draughts.UI.Wpf.Tests.csproj", "{C0F9C1C2-F503-45A3-AFB4-9BA37427D935}"
EndProject
Project("{9A19103F-16F7-4668-BE54-9A1E7A4F7556}") = "NeuralNetLib", "..\NeuralNet\NeuralNetLib\NeuralNetLib.csproj", "{C6496981-03C0-4DA5-BFFD-C9A96E5176C0}"
EndProject
Global
	GlobalSection(SolutionConfigurationPlatforms) = preSolution
		Debug|Any CPU = Debug|Any CPU
		Release|Any CPU = Release|Any CPU
	EndGlobalSection
	GlobalSection(ProjectConfigurationPlatforms) = postSolution
		{72538143-337F-4428-9E91-E7008AA13FC4}.Debug|Any CPU.ActiveCfg = Debug|Any CPU
		{72538143-337F-4428-9E91-E7008AA13FC4}.Debug|Any CPU.Build.0 = Debug|Any CPU
		{72538143-337F-4428-9E91-E7008AA13FC4}.Release|Any CPU.ActiveCfg = Release|Any CPU
		{72538143-337F-4428-9E91-E7008AA13FC4}.Release|Any CPU.Build.0 = Release|Any CPU
		{71036D3A-C4F4-4F9A-A353-60F9AE74BB5E}.Debug|Any CPU.ActiveCfg = Debug|Any CPU
		{71036D3A-C4F4-4F9A-A353-60F9AE74BB5E}.Debug|Any CPU.Build.0 = Debug|Any CPU
		{71036D3A-C4F4-4F9A-A353-60F9AE74BB5E}.Release|Any CPU.ActiveCfg = Release|Any CPU
		{71036D3A-C4F4-4F9A-A353-60F9AE74BB5E}.Release|Any CPU.Build.0 = Release|Any CPU
		{A4CE3FFC-96A6-498C-B45A-4FD43B9572C2}.Debug|Any CPU.ActiveCfg = Debug|Any CPU
		{A4CE3FFC-96A6-498C-B45A-4FD43B9572C2}.Debug|Any CPU.Build.0 = Debug|Any CPU
		{A4CE3FFC-96A6-498C-B45A-4FD43B9572C2}.Release|Any CPU.ActiveCfg = Release|Any CPU
		{A4CE3FFC-96A6-498C-B45A-4FD43B9572C2}.Release|Any CPU.Build.0 = Release|Any CPU
		{342EE64B-01B9-4D5D-8492-CC7BAB8398F9}.Debug|Any CPU.ActiveCfg = Debug|Any CPU
		{342EE64B-01B9-4D5D-8492-CC7BAB8398F9}.Debug|Any CPU.Build.0 = Debug|Any CPU
		{342EE64B-01B9-4D5D-8492-CC7BAB8398F9}.Release|Any CPU.ActiveCfg = Release|Any CPU
		{342EE64B-01B9-4D5D-8492-CC7BAB8398F9}.Release|Any CPU.Build.0 = Release|Any CPU
		{7D75F891-E4A0-4F88-B7D3-F4B0E4EA1763}.Debug|Any CPU.ActiveCfg = Debug|Any CPU
		{7D75F891-E4A0-4F88-B7D3-F4B0E4EA1763}.Debug|Any CPU.Build.0 = Debug|Any CPU
		{7D75F891-E4A0-4F88-B7D3-F4B0E4EA1763}.Release|Any CPU.ActiveCfg = Release|Any CPU
		{7D75F891-E4A0-4F88-B7D3-F4B0E4EA1763}.Release|Any CPU.Build.0 = Release|Any CPU
		{6FD5D08F-B90B-4108-8C81-22D7369A91B4}.Debug|Any CPU.ActiveCfg = Debug|Any CPU
		{6FD5D08F-B90B-4108-8C81-22D7369A91B4}.Debug|Any CPU.Build.0 = Debug|Any CPU
		{6FD5D08F-B90B-4108-8C81-22D7369A91B4}.Release|Any CPU.ActiveCfg = Release|Any CPU
		{6FD5D08F-B90B-4108-8C81-22D7369A91B4}.Release|Any CPU.Build.0 = Release|Any CPU
		{0B2000BB-0D3C-4E92-B4A1-DA0CE06EC72B}.Debug|Any CPU.ActiveCfg = Debug|Any CPU
		{0B2000BB-0D3C-4E92-B4A1-DA0CE06EC72B}.Debug|Any CPU.Build.0 = Debug|Any CPU
		{0B2000BB-0D3C-4E92-B4A1-DA0CE06EC72B}.Release|Any CPU.ActiveCfg = Release|Any CPU
		{0B2000BB-0D3C-4E92-B4A1-DA0CE06EC72B}.Release|Any CPU.Build.0 = Release|Any CPU
		{1EF2A88C-A930-4F18-883B-14DE50C32C89}.Debug|Any CPU.ActiveCfg = Debug|Any CPU
		{1EF2A88C-A930-4F18-883B-14DE50C32C89}.Debug|Any CPU.Build.0 = Debug|Any CPU
		{1EF2A88C-A930-4F18-883B-14DE50C32C89}.Release|Any CPU.ActiveCfg = Release|Any CPU
		{1EF2A88C-A930-4F18-883B-14DE50C32C89}.Release|Any CPU.Build.0 = Release|Any CPU
		{C0F9C1C2-F503-45A3-AFB4-9BA37427D935}.Debug|Any CPU.ActiveCfg = Debug|Any CPU
		{C0F9C1C2-F503-45A3-AFB4-9BA37427D935}.Debug|Any CPU.Build.0 = Debug|Any CPU
		{C0F9C1C2-F503-45A3-AFB4-9BA37427D935}.Release|Any CPU.ActiveCfg = Release|Any CPU
		{C0F9C1C2-F503-45A3-AFB4-9BA37427D935}.Release|Any CPU.Build.0 = Release|Any CPU
		{C6496981-03C0-4DA5-BFFD-C9A96E5176C0}.Debug|Any CPU.ActiveCfg = Debug|Any CPU
		{C6496981-03C0-4DA5-BFFD-C9A96E5176C0}.Debug|Any CPU.Build.0 = Debug|Any CPU
		{C6496981-03C0-4DA5-BFFD-C9A96E5176C0}.Release|Any CPU.ActiveCfg = Release|Any CPU
		{C6496981-03C0-4DA5-BFFD-C9A96E5176C0}.Release|Any CPU.Build.0 = Release|Any CPU
	EndGlobalSection
	GlobalSection(SolutionProperties) = preSolution
		HideSolutionNode = FALSE
	EndGlobalSection
	GlobalSection(ExtensibilityGlobals) = postSolution
		SolutionGuid = {8BD38108-7ADE-426B-8FD6-4405547FE2E1}
	EndGlobalSection
EndGlobal
